
Microsoft Visual Studio Solution File, Format Version 12.00
# Visual Studio Version 17
VisualStudioVersion = 17.14.36221.1 d17.14
MinimumVisualStudioVersion = 10.0.40219.1
Project("{FAE04EC0-301F-11D3-BF4B-00C04F79EFBC}") = "Assignment_6.2.2", "Assignment_6.2.2.csproj", "{56D4E645-5FAF-472F-9360-308E0616288C}"
EndProject
Global
	GlobalSection(SolutionConfigurationPlatforms) = preSolution
		Debug|Any CPU = Debug|Any CPU
		Release|Any CPU = Release|Any CPU
	EndGlobalSection
	GlobalSection(ProjectConfigurationPlatforms) = postSolution
		{56D4E645-5FAF-472F-9360-308E0616288C}.Debug|Any CPU.ActiveCfg = Debug|Any CPU
		{56D4E645-5FAF-472F-9360-308E0616288C}.Debug|Any CPU.Build.0 = Debug|Any CPU
		{56D4E645-5FAF-472F-9360-308E0616288C}.Release|Any CPU.ActiveCfg = Release|Any CPU
		{56D4E645-5FAF-472F-9360-308E0616288C}.Release|Any CPU.Build.0 = Release|Any CPU
	EndGlobalSection
	GlobalSection(SolutionProperties) = preSolution
		HideSolutionNode = FALSE
	EndGlobalSection
	GlobalSection(ExtensibilityGlobals) = postSolution
		SolutionGuid = {03277559-54D2-48EB-B4C3-AFB3291873E7}
	EndGlobalSection
EndGlobal
